
Microsoft Visual Studio Solution File, Format Version 12.00
# Visual Studio 14
VisualStudioVersion = 14.0.25420.1
MinimumVisualStudioVersion = 10.0.40219.1
Project("{FAE04EC0-301F-11D3-BF4B-00C04F79EFBC}") = "01. Phonebook", "01. Phonebook\01. Phonebook.csproj", "{5B90C98A-96BD-4C7C-A26B-2F147BCC35D4}"
EndProject
Project("{FAE04EC0-301F-11D3-BF4B-00C04F79EFBC}") = "02. Phonebook Upgrade", "02. Phonebook Upgrade\02. Phonebook Upgrade.csproj", "{987EA231-251C-4FC1-AB38-9790E189999A}"
EndProject
Project("{FAE04EC0-301F-11D3-BF4B-00C04F79EFBC}") = "03. A Miner Task", "03. A Miner Task\03. A Miner Task.csproj", "{CCD9A645-E4CD-4291-B164-21DD372B0089}"
EndProject
Global
	GlobalSection(SolutionConfigurationPlatforms) = preSolution
		Debug|Any CPU = Debug|Any CPU
		Release|Any CPU = Release|Any CPU
	EndGlobalSection
	GlobalSection(ProjectConfigurationPlatforms) = postSolution
		{5B90C98A-96BD-4C7C-A26B-2F147BCC35D4}.Debug|Any CPU.ActiveCfg = Debug|Any CPU
		{5B90C98A-96BD-4C7C-A26B-2F147BCC35D4}.Debug|Any CPU.Build.0 = Debug|Any CPU
		{5B90C98A-96BD-4C7C-A26B-2F147BCC35D4}.Release|Any CPU.ActiveCfg = Release|Any CPU
		{5B90C98A-96BD-4C7C-A26B-2F147BCC35D4}.Release|Any CPU.Build.0 = Release|Any CPU
		{987EA231-251C-4FC1-AB38-9790E189999A}.Debug|Any CPU.ActiveCfg = Debug|Any CPU
		{987EA231-251C-4FC1-AB38-9790E189999A}.Debug|Any CPU.Build.0 = Debug|Any CPU
		{987EA231-251C-4FC1-AB38-9790E189999A}.Release|Any CPU.ActiveCfg = Release|Any CPU
		{987EA231-251C-4FC1-AB38-9790E189999A}.Release|Any CPU.Build.0 = Release|Any CPU
		{CCD9A645-E4CD-4291-B164-21DD372B0089}.Debug|Any CPU.ActiveCfg = Debug|Any CPU
		{CCD9A645-E4CD-4291-B164-21DD372B0089}.Debug|Any CPU.Build.0 = Debug|Any CPU
		{CCD9A645-E4CD-4291-B164-21DD372B0089}.Release|Any CPU.ActiveCfg = Release|Any CPU
		{CCD9A645-E4CD-4291-B164-21DD372B0089}.Release|Any CPU.Build.0 = Release|Any CPU
	EndGlobalSection
	GlobalSection(SolutionProperties) = preSolution
		HideSolutionNode = FALSE
	EndGlobalSection
EndGlobal
