
Microsoft Visual Studio Solution File, Format Version 12.00
# Visual Studio 14
VisualStudioVersion = 14.0.25123.0
MinimumVisualStudioVersion = 10.0.40219.1
Project("{FAE04EC0-301F-11D3-BF4B-00C04F79EFBC}") = "1. Practice Integer Numbers", "1. Practice Integer Numbers\1. Practice Integer Numbers.csproj", "{6C9D832B-C795-437E-973C-63F497B9D9F9}"
EndProject
Project("{FAE04EC0-301F-11D3-BF4B-00C04F79EFBC}") = "2. Practice Floating Point Numbers", "2. Practice Floating Point Numbers\2. Practice Floating Point Numbers.csproj", "{199B3B30-07EC-4EA8-8A25-EB518ECDDDBE}"
EndProject
Project("{FAE04EC0-301F-11D3-BF4B-00C04F79EFBC}") = "3. Practice Characters and Strings", "3. Practice Characters and Strings\3. Practice Characters and Strings.csproj", "{29621D65-E3B7-46DA-B1B3-25E3449EE1FD}"
EndProject
Project("{FAE04EC0-301F-11D3-BF4B-00C04F79EFBC}") = "4. Variable in Hexadecimal Format", "4. Variable in Hexadecimal Format\4. Variable in Hexadecimal Format.csproj", "{FC217B1D-2D33-4232-B4E7-D7B7F18811CA}"
EndProject
Project("{FAE04EC0-301F-11D3-BF4B-00C04F79EFBC}") = "5. Boolean Variable", "5. Boolean Variable\5. Boolean Variable.csproj", "{99CF579E-04DB-43B1-8485-CD1453933918}"
EndProject
Project("{FAE04EC0-301F-11D3-BF4B-00C04F79EFBC}") = "6. Strings and Objects", "6. Strings and Objects\6. Strings and Objects.csproj", "{9ECA90CF-D712-4857-8A72-346DFDE8F7CB}"
EndProject
Global
	GlobalSection(SolutionConfigurationPlatforms) = preSolution
		Debug|Any CPU = Debug|Any CPU
		Release|Any CPU = Release|Any CPU
	EndGlobalSection
	GlobalSection(ProjectConfigurationPlatforms) = postSolution
		{6C9D832B-C795-437E-973C-63F497B9D9F9}.Debug|Any CPU.ActiveCfg = Debug|Any CPU
		{6C9D832B-C795-437E-973C-63F497B9D9F9}.Debug|Any CPU.Build.0 = Debug|Any CPU
		{6C9D832B-C795-437E-973C-63F497B9D9F9}.Release|Any CPU.ActiveCfg = Release|Any CPU
		{6C9D832B-C795-437E-973C-63F497B9D9F9}.Release|Any CPU.Build.0 = Release|Any CPU
		{199B3B30-07EC-4EA8-8A25-EB518ECDDDBE}.Debug|Any CPU.ActiveCfg = Debug|Any CPU
		{199B3B30-07EC-4EA8-8A25-EB518ECDDDBE}.Debug|Any CPU.Build.0 = Debug|Any CPU
		{199B3B30-07EC-4EA8-8A25-EB518ECDDDBE}.Release|Any CPU.ActiveCfg = Release|Any CPU
		{199B3B30-07EC-4EA8-8A25-EB518ECDDDBE}.Release|Any CPU.Build.0 = Release|Any CPU
		{29621D65-E3B7-46DA-B1B3-25E3449EE1FD}.Debug|Any CPU.ActiveCfg = Debug|Any CPU
		{29621D65-E3B7-46DA-B1B3-25E3449EE1FD}.Debug|Any CPU.Build.0 = Debug|Any CPU
		{29621D65-E3B7-46DA-B1B3-25E3449EE1FD}.Release|Any CPU.ActiveCfg = Release|Any CPU
		{29621D65-E3B7-46DA-B1B3-25E3449EE1FD}.Release|Any CPU.Build.0 = Release|Any CPU
		{FC217B1D-2D33-4232-B4E7-D7B7F18811CA}.Debug|Any CPU.ActiveCfg = Debug|Any CPU
		{FC217B1D-2D33-4232-B4E7-D7B7F18811CA}.Debug|Any CPU.Build.0 = Debug|Any CPU
		{FC217B1D-2D33-4232-B4E7-D7B7F18811CA}.Release|Any CPU.ActiveCfg = Release|Any CPU
		{FC217B1D-2D33-4232-B4E7-D7B7F18811CA}.Release|Any CPU.Build.0 = Release|Any CPU
		{99CF579E-04DB-43B1-8485-CD1453933918}.Debug|Any CPU.ActiveCfg = Debug|Any CPU
		{99CF579E-04DB-43B1-8485-CD1453933918}.Debug|Any CPU.Build.0 = Debug|Any CPU
		{99CF579E-04DB-43B1-8485-CD1453933918}.Release|Any CPU.ActiveCfg = Release|Any CPU
		{99CF579E-04DB-43B1-8485-CD1453933918}.Release|Any CPU.Build.0 = Release|Any CPU
		{9ECA90CF-D712-4857-8A72-346DFDE8F7CB}.Debug|Any CPU.ActiveCfg = Debug|Any CPU
		{9ECA90CF-D712-4857-8A72-346DFDE8F7CB}.Debug|Any CPU.Build.0 = Debug|Any CPU
		{9ECA90CF-D712-4857-8A72-346DFDE8F7CB}.Release|Any CPU.ActiveCfg = Release|Any CPU
		{9ECA90CF-D712-4857-8A72-346DFDE8F7CB}.Release|Any CPU.Build.0 = Release|Any CPU
	EndGlobalSection
	GlobalSection(SolutionProperties) = preSolution
		HideSolutionNode = FALSE
	EndGlobalSection
EndGlobal
