
Microsoft Visual Studio Solution File, Format Version 12.00
# Visual Studio 14
VisualStudioVersion = 14.0.25420.1
MinimumVisualStudioVersion = 10.0.40219.1
Project("{FAE04EC0-301F-11D3-BF4B-00C04F79EFBC}") = "01. Day of Week", "01. Day of Week\01. Day of Week.csproj", "{A704FA68-8CFC-481A-9D25-18830CBB37FE}"
EndProject
Project("{FAE04EC0-301F-11D3-BF4B-00C04F79EFBC}") = "02. Reverse Array of Integers", "02. Reverse Array of Integers\02. Reverse Array of Integers.csproj", "{D10F1135-9AFD-4E2E-930D-D19EB122CA9A}"
EndProject
Project("{FAE04EC0-301F-11D3-BF4B-00C04F79EFBC}") = "03. Last K Numbers Sums", "03. Last K Numbers Sums\03. Last K Numbers Sums.csproj", "{DCFCA363-9541-4D37-A2B2-6F366B33DFD3}"
EndProject
Project("{FAE04EC0-301F-11D3-BF4B-00C04F79EFBC}") = "04. Tripple Sum", "04. Tripple Sum\04. Tripple Sum.csproj", "{02DF0F98-E75B-44D2-AE96-AE4F27EC3C69}"
EndProject
Project("{FAE04EC0-301F-11D3-BF4B-00C04F79EFBC}") = "05. Rounding Numbers", "05. Rounding Numbers\05. Rounding Numbers.csproj", "{B3F04FE9-084E-41E9-8B11-46C124986236}"
EndProject
Global
	GlobalSection(SolutionConfigurationPlatforms) = preSolution
		Debug|Any CPU = Debug|Any CPU
		Release|Any CPU = Release|Any CPU
	EndGlobalSection
	GlobalSection(ProjectConfigurationPlatforms) = postSolution
		{A704FA68-8CFC-481A-9D25-18830CBB37FE}.Debug|Any CPU.ActiveCfg = Debug|Any CPU
		{A704FA68-8CFC-481A-9D25-18830CBB37FE}.Debug|Any CPU.Build.0 = Debug|Any CPU
		{A704FA68-8CFC-481A-9D25-18830CBB37FE}.Release|Any CPU.ActiveCfg = Release|Any CPU
		{A704FA68-8CFC-481A-9D25-18830CBB37FE}.Release|Any CPU.Build.0 = Release|Any CPU
		{D10F1135-9AFD-4E2E-930D-D19EB122CA9A}.Debug|Any CPU.ActiveCfg = Debug|Any CPU
		{D10F1135-9AFD-4E2E-930D-D19EB122CA9A}.Debug|Any CPU.Build.0 = Debug|Any CPU
		{D10F1135-9AFD-4E2E-930D-D19EB122CA9A}.Release|Any CPU.ActiveCfg = Release|Any CPU
		{D10F1135-9AFD-4E2E-930D-D19EB122CA9A}.Release|Any CPU.Build.0 = Release|Any CPU
		{DCFCA363-9541-4D37-A2B2-6F366B33DFD3}.Debug|Any CPU.ActiveCfg = Debug|Any CPU
		{DCFCA363-9541-4D37-A2B2-6F366B33DFD3}.Debug|Any CPU.Build.0 = Debug|Any CPU
		{DCFCA363-9541-4D37-A2B2-6F366B33DFD3}.Release|Any CPU.ActiveCfg = Release|Any CPU
		{DCFCA363-9541-4D37-A2B2-6F366B33DFD3}.Release|Any CPU.Build.0 = Release|Any CPU
		{02DF0F98-E75B-44D2-AE96-AE4F27EC3C69}.Debug|Any CPU.ActiveCfg = Debug|Any CPU
		{02DF0F98-E75B-44D2-AE96-AE4F27EC3C69}.Debug|Any CPU.Build.0 = Debug|Any CPU
		{02DF0F98-E75B-44D2-AE96-AE4F27EC3C69}.Release|Any CPU.ActiveCfg = Release|Any CPU
		{02DF0F98-E75B-44D2-AE96-AE4F27EC3C69}.Release|Any CPU.Build.0 = Release|Any CPU
		{B3F04FE9-084E-41E9-8B11-46C124986236}.Debug|Any CPU.ActiveCfg = Debug|Any CPU
		{B3F04FE9-084E-41E9-8B11-46C124986236}.Debug|Any CPU.Build.0 = Debug|Any CPU
		{B3F04FE9-084E-41E9-8B11-46C124986236}.Release|Any CPU.ActiveCfg = Release|Any CPU
		{B3F04FE9-084E-41E9-8B11-46C124986236}.Release|Any CPU.Build.0 = Release|Any CPU
	EndGlobalSection
	GlobalSection(SolutionProperties) = preSolution
		HideSolutionNode = FALSE
	EndGlobalSection
EndGlobal
