
Microsoft Visual Studio Solution File, Format Version 12.00
# Visual Studio 14
VisualStudioVersion = 14.0.25420.1
MinimumVisualStudioVersion = 10.0.40219.1
Project("{FAE04EC0-301F-11D3-BF4B-00C04F79EFBC}") = "01. Day of Week", "01. Day of Week\01. Day of Week.csproj", "{A704FA68-8CFC-481A-9D25-18830CBB37FE}"
EndProject
Project("{FAE04EC0-301F-11D3-BF4B-00C04F79EFBC}") = "02. Reverse Array of Integers", "02. Reverse Array of Integers\02. Reverse Array of Integers.csproj", "{D10F1135-9AFD-4E2E-930D-D19EB122CA9A}"
EndProject
Project("{FAE04EC0-301F-11D3-BF4B-00C04F79EFBC}") = "03. Last K Numbers Sums", "03. Last K Numbers Sums\03. Last K Numbers Sums.csproj", "{DCFCA363-9541-4D37-A2B2-6F366B33DFD3}"
EndProject
Project("{FAE04EC0-301F-11D3-BF4B-00C04F79EFBC}") = "04. Tripple Sum", "04. Tripple Sum\04. Tripple Sum.csproj", "{02DF0F98-E75B-44D2-AE96-AE4F27EC3C69}"
EndProject
Project("{FAE04EC0-301F-11D3-BF4B-00C04F79EFBC}") = "05. Rounding Numbers", "05. Rounding Numbers\05. Rounding Numbers.csproj", "{B3F04FE9-084E-41E9-8B11-46C124986236}"
EndProject
Project("{FAE04EC0-301F-11D3-BF4B-00C04F79EFBC}") = "06. Reverse Array of Strings", "06. Reverse Array of Strings\06. Reverse Array of Strings.csproj", "{AD11AF2F-1812-405C-A7A6-97067E49C3DA}"
EndProject
Project("{FAE04EC0-301F-11D3-BF4B-00C04F79EFBC}") = "07. Sum Arrays", "07. Sum Arrays\07. Sum Arrays.csproj", "{7CC756CB-7108-4F1C-89D3-FF237D43D0BB}"
EndProject
Project("{FAE04EC0-301F-11D3-BF4B-00C04F79EFBC}") = "08. Condense Array to Number", "08. Condense Array to Number\08. Condense Array to Number.csproj", "{BFED4E62-02B4-474D-9869-570F9ED783D0}"
EndProject
Project("{FAE04EC0-301F-11D3-BF4B-00C04F79EFBC}") = "09. Extract Middle Elements", "09. Extract Middle Elements\09. Extract Middle Elements.csproj", "{9CFF1694-EA99-49A7-AD55-BFEEB28E0F5F}"
EndProject
Project("{FAE04EC0-301F-11D3-BF4B-00C04F79EFBC}") = "10. Remove Negatives and Reverse", "10. Remove Negatives and Reverse\10. Remove Negatives and Reverse.csproj", "{F8A6D114-9583-4D7C-AE46-B4DB44C36F9F}"
EndProject
Project("{FAE04EC0-301F-11D3-BF4B-00C04F79EFBC}") = "11. Append Lists", "11. Append Lists\11. Append Lists.csproj", "{6AB7A81A-2F46-4437-8DC0-1581B1F0C35F}"
EndProject
Project("{FAE04EC0-301F-11D3-BF4B-00C04F79EFBC}") = "12. Sum Adjacent Equal Numbers", "12. Sum Adjacent Equal Numbers\12. Sum Adjacent Equal Numbers.csproj", "{18BADAAD-F9D8-441A-A66F-F615C87B710E}"
EndProject
Project("{FAE04EC0-301F-11D3-BF4B-00C04F79EFBC}") = "13. Split by Word Casing", "13. Split by Word Casing\13. Split by Word Casing.csproj", "{61431ED5-7F9E-4D15-992F-1AC719E0237D}"
EndProject
Project("{FAE04EC0-301F-11D3-BF4B-00C04F79EFBC}") = "14. Sort Numbers", "14. Sort Numbers\14. Sort Numbers.csproj", "{98561CB7-9992-4A5E-A000-29A5EDAB430C}"
EndProject
Project("{FAE04EC0-301F-11D3-BF4B-00C04F79EFBC}") = "15. Square Numbers", "15. Square Numbers\15. Square Numbers.csproj", "{EEAABE59-C23A-4C24-8CCF-8B776DC40826}"
EndProject
Global
	GlobalSection(SolutionConfigurationPlatforms) = preSolution
		Debug|Any CPU = Debug|Any CPU
		Release|Any CPU = Release|Any CPU
	EndGlobalSection
	GlobalSection(ProjectConfigurationPlatforms) = postSolution
		{A704FA68-8CFC-481A-9D25-18830CBB37FE}.Debug|Any CPU.ActiveCfg = Debug|Any CPU
		{A704FA68-8CFC-481A-9D25-18830CBB37FE}.Debug|Any CPU.Build.0 = Debug|Any CPU
		{A704FA68-8CFC-481A-9D25-18830CBB37FE}.Release|Any CPU.ActiveCfg = Release|Any CPU
		{A704FA68-8CFC-481A-9D25-18830CBB37FE}.Release|Any CPU.Build.0 = Release|Any CPU
		{D10F1135-9AFD-4E2E-930D-D19EB122CA9A}.Debug|Any CPU.ActiveCfg = Debug|Any CPU
		{D10F1135-9AFD-4E2E-930D-D19EB122CA9A}.Debug|Any CPU.Build.0 = Debug|Any CPU
		{D10F1135-9AFD-4E2E-930D-D19EB122CA9A}.Release|Any CPU.ActiveCfg = Release|Any CPU
		{D10F1135-9AFD-4E2E-930D-D19EB122CA9A}.Release|Any CPU.Build.0 = Release|Any CPU
		{DCFCA363-9541-4D37-A2B2-6F366B33DFD3}.Debug|Any CPU.ActiveCfg = Debug|Any CPU
		{DCFCA363-9541-4D37-A2B2-6F366B33DFD3}.Debug|Any CPU.Build.0 = Debug|Any CPU
		{DCFCA363-9541-4D37-A2B2-6F366B33DFD3}.Release|Any CPU.ActiveCfg = Release|Any CPU
		{DCFCA363-9541-4D37-A2B2-6F366B33DFD3}.Release|Any CPU.Build.0 = Release|Any CPU
		{02DF0F98-E75B-44D2-AE96-AE4F27EC3C69}.Debug|Any CPU.ActiveCfg = Debug|Any CPU
		{02DF0F98-E75B-44D2-AE96-AE4F27EC3C69}.Debug|Any CPU.Build.0 = Debug|Any CPU
		{02DF0F98-E75B-44D2-AE96-AE4F27EC3C69}.Release|Any CPU.ActiveCfg = Release|Any CPU
		{02DF0F98-E75B-44D2-AE96-AE4F27EC3C69}.Release|Any CPU.Build.0 = Release|Any CPU
		{B3F04FE9-084E-41E9-8B11-46C124986236}.Debug|Any CPU.ActiveCfg = Debug|Any CPU
		{B3F04FE9-084E-41E9-8B11-46C124986236}.Debug|Any CPU.Build.0 = Debug|Any CPU
		{B3F04FE9-084E-41E9-8B11-46C124986236}.Release|Any CPU.ActiveCfg = Release|Any CPU
		{B3F04FE9-084E-41E9-8B11-46C124986236}.Release|Any CPU.Build.0 = Release|Any CPU
		{AD11AF2F-1812-405C-A7A6-97067E49C3DA}.Debug|Any CPU.ActiveCfg = Debug|Any CPU
		{AD11AF2F-1812-405C-A7A6-97067E49C3DA}.Debug|Any CPU.Build.0 = Debug|Any CPU
		{AD11AF2F-1812-405C-A7A6-97067E49C3DA}.Release|Any CPU.ActiveCfg = Release|Any CPU
		{AD11AF2F-1812-405C-A7A6-97067E49C3DA}.Release|Any CPU.Build.0 = Release|Any CPU
		{7CC756CB-7108-4F1C-89D3-FF237D43D0BB}.Debug|Any CPU.ActiveCfg = Debug|Any CPU
		{7CC756CB-7108-4F1C-89D3-FF237D43D0BB}.Debug|Any CPU.Build.0 = Debug|Any CPU
		{7CC756CB-7108-4F1C-89D3-FF237D43D0BB}.Release|Any CPU.ActiveCfg = Release|Any CPU
		{7CC756CB-7108-4F1C-89D3-FF237D43D0BB}.Release|Any CPU.Build.0 = Release|Any CPU
		{BFED4E62-02B4-474D-9869-570F9ED783D0}.Debug|Any CPU.ActiveCfg = Debug|Any CPU
		{BFED4E62-02B4-474D-9869-570F9ED783D0}.Debug|Any CPU.Build.0 = Debug|Any CPU
		{BFED4E62-02B4-474D-9869-570F9ED783D0}.Release|Any CPU.ActiveCfg = Release|Any CPU
		{BFED4E62-02B4-474D-9869-570F9ED783D0}.Release|Any CPU.Build.0 = Release|Any CPU
		{9CFF1694-EA99-49A7-AD55-BFEEB28E0F5F}.Debug|Any CPU.ActiveCfg = Debug|Any CPU
		{9CFF1694-EA99-49A7-AD55-BFEEB28E0F5F}.Debug|Any CPU.Build.0 = Debug|Any CPU
		{9CFF1694-EA99-49A7-AD55-BFEEB28E0F5F}.Release|Any CPU.ActiveCfg = Release|Any CPU
		{9CFF1694-EA99-49A7-AD55-BFEEB28E0F5F}.Release|Any CPU.Build.0 = Release|Any CPU
		{F8A6D114-9583-4D7C-AE46-B4DB44C36F9F}.Debug|Any CPU.ActiveCfg = Debug|Any CPU
		{F8A6D114-9583-4D7C-AE46-B4DB44C36F9F}.Debug|Any CPU.Build.0 = Debug|Any CPU
		{F8A6D114-9583-4D7C-AE46-B4DB44C36F9F}.Release|Any CPU.ActiveCfg = Release|Any CPU
		{F8A6D114-9583-4D7C-AE46-B4DB44C36F9F}.Release|Any CPU.Build.0 = Release|Any CPU
		{6AB7A81A-2F46-4437-8DC0-1581B1F0C35F}.Debug|Any CPU.ActiveCfg = Debug|Any CPU
		{6AB7A81A-2F46-4437-8DC0-1581B1F0C35F}.Debug|Any CPU.Build.0 = Debug|Any CPU
		{6AB7A81A-2F46-4437-8DC0-1581B1F0C35F}.Release|Any CPU.ActiveCfg = Release|Any CPU
		{6AB7A81A-2F46-4437-8DC0-1581B1F0C35F}.Release|Any CPU.Build.0 = Release|Any CPU
		{18BADAAD-F9D8-441A-A66F-F615C87B710E}.Debug|Any CPU.ActiveCfg = Debug|Any CPU
		{18BADAAD-F9D8-441A-A66F-F615C87B710E}.Debug|Any CPU.Build.0 = Debug|Any CPU
		{18BADAAD-F9D8-441A-A66F-F615C87B710E}.Release|Any CPU.ActiveCfg = Release|Any CPU
		{18BADAAD-F9D8-441A-A66F-F615C87B710E}.Release|Any CPU.Build.0 = Release|Any CPU
		{61431ED5-7F9E-4D15-992F-1AC719E0237D}.Debug|Any CPU.ActiveCfg = Debug|Any CPU
		{61431ED5-7F9E-4D15-992F-1AC719E0237D}.Debug|Any CPU.Build.0 = Debug|Any CPU
		{61431ED5-7F9E-4D15-992F-1AC719E0237D}.Release|Any CPU.ActiveCfg = Release|Any CPU
		{61431ED5-7F9E-4D15-992F-1AC719E0237D}.Release|Any CPU.Build.0 = Release|Any CPU
		{98561CB7-9992-4A5E-A000-29A5EDAB430C}.Debug|Any CPU.ActiveCfg = Debug|Any CPU
		{98561CB7-9992-4A5E-A000-29A5EDAB430C}.Debug|Any CPU.Build.0 = Debug|Any CPU
		{98561CB7-9992-4A5E-A000-29A5EDAB430C}.Release|Any CPU.ActiveCfg = Release|Any CPU
		{98561CB7-9992-4A5E-A000-29A5EDAB430C}.Release|Any CPU.Build.0 = Release|Any CPU
		{EEAABE59-C23A-4C24-8CCF-8B776DC40826}.Debug|Any CPU.ActiveCfg = Debug|Any CPU
		{EEAABE59-C23A-4C24-8CCF-8B776DC40826}.Debug|Any CPU.Build.0 = Debug|Any CPU
		{EEAABE59-C23A-4C24-8CCF-8B776DC40826}.Release|Any CPU.ActiveCfg = Release|Any CPU
		{EEAABE59-C23A-4C24-8CCF-8B776DC40826}.Release|Any CPU.Build.0 = Release|Any CPU
	EndGlobalSection
	GlobalSection(SolutionProperties) = preSolution
		HideSolutionNode = FALSE
	EndGlobalSection
EndGlobal
