
Microsoft Visual Studio Solution File, Format Version 12.00
# Visual Studio 14
VisualStudioVersion = 14.0.25420.1
MinimumVisualStudioVersion = 10.0.40219.1
Project("{FAE04EC0-301F-11D3-BF4B-00C04F79EFBC}") = "01. Count Real Numbers", "01. Count Real Numbers\01. Count Real Numbers.csproj", "{F4B54675-C030-4C50-885E-79A668C61883}"
EndProject
Project("{FAE04EC0-301F-11D3-BF4B-00C04F79EFBC}") = "02. Odd Occurrences", "02. Odd Occurrences\02. Odd Occurrences.csproj", "{A5C3DA03-C9C7-4413-9438-D436CD13CEAB}"
EndProject
Project("{FAE04EC0-301F-11D3-BF4B-00C04F79EFBC}") = "03. Min, Max, Sum, Average", "03. Min, Max, Sum, Average\03. Min, Max, Sum, Average.csproj", "{F7F37E5A-525B-4CBE-9E94-3E299AB07943}"
EndProject
Project("{FAE04EC0-301F-11D3-BF4B-00C04F79EFBC}") = "04. Largest 3 Numbers", "04. Largest 3 Numbers\04. Largest 3 Numbers.csproj", "{6BA873A9-70D2-4E58-8068-640DECD0ED4F}"
EndProject
Project("{FAE04EC0-301F-11D3-BF4B-00C04F79EFBC}") = "05. Short Words Sorted", "05. Short Words Sorted\05. Short Words Sorted.csproj", "{B55A9665-9A7F-4717-A9B4-8438BE9BD96D}"
EndProject
Project("{FAE04EC0-301F-11D3-BF4B-00C04F79EFBC}") = "06. Fold and Sum", "06. Fold and Sum\06. Fold and Sum.csproj", "{6BACE508-CCA9-4361-AA71-D9080BF41227}"
EndProject
Global
	GlobalSection(SolutionConfigurationPlatforms) = preSolution
		Debug|Any CPU = Debug|Any CPU
		Release|Any CPU = Release|Any CPU
	EndGlobalSection
	GlobalSection(ProjectConfigurationPlatforms) = postSolution
		{F4B54675-C030-4C50-885E-79A668C61883}.Debug|Any CPU.ActiveCfg = Debug|Any CPU
		{F4B54675-C030-4C50-885E-79A668C61883}.Debug|Any CPU.Build.0 = Debug|Any CPU
		{F4B54675-C030-4C50-885E-79A668C61883}.Release|Any CPU.ActiveCfg = Release|Any CPU
		{F4B54675-C030-4C50-885E-79A668C61883}.Release|Any CPU.Build.0 = Release|Any CPU
		{A5C3DA03-C9C7-4413-9438-D436CD13CEAB}.Debug|Any CPU.ActiveCfg = Debug|Any CPU
		{A5C3DA03-C9C7-4413-9438-D436CD13CEAB}.Debug|Any CPU.Build.0 = Debug|Any CPU
		{A5C3DA03-C9C7-4413-9438-D436CD13CEAB}.Release|Any CPU.ActiveCfg = Release|Any CPU
		{A5C3DA03-C9C7-4413-9438-D436CD13CEAB}.Release|Any CPU.Build.0 = Release|Any CPU
		{F7F37E5A-525B-4CBE-9E94-3E299AB07943}.Debug|Any CPU.ActiveCfg = Debug|Any CPU
		{F7F37E5A-525B-4CBE-9E94-3E299AB07943}.Debug|Any CPU.Build.0 = Debug|Any CPU
		{F7F37E5A-525B-4CBE-9E94-3E299AB07943}.Release|Any CPU.ActiveCfg = Release|Any CPU
		{F7F37E5A-525B-4CBE-9E94-3E299AB07943}.Release|Any CPU.Build.0 = Release|Any CPU
		{6BA873A9-70D2-4E58-8068-640DECD0ED4F}.Debug|Any CPU.ActiveCfg = Debug|Any CPU
		{6BA873A9-70D2-4E58-8068-640DECD0ED4F}.Debug|Any CPU.Build.0 = Debug|Any CPU
		{6BA873A9-70D2-4E58-8068-640DECD0ED4F}.Release|Any CPU.ActiveCfg = Release|Any CPU
		{6BA873A9-70D2-4E58-8068-640DECD0ED4F}.Release|Any CPU.Build.0 = Release|Any CPU
		{B55A9665-9A7F-4717-A9B4-8438BE9BD96D}.Debug|Any CPU.ActiveCfg = Debug|Any CPU
		{B55A9665-9A7F-4717-A9B4-8438BE9BD96D}.Debug|Any CPU.Build.0 = Debug|Any CPU
		{B55A9665-9A7F-4717-A9B4-8438BE9BD96D}.Release|Any CPU.ActiveCfg = Release|Any CPU
		{B55A9665-9A7F-4717-A9B4-8438BE9BD96D}.Release|Any CPU.Build.0 = Release|Any CPU
		{6BACE508-CCA9-4361-AA71-D9080BF41227}.Debug|Any CPU.ActiveCfg = Debug|Any CPU
		{6BACE508-CCA9-4361-AA71-D9080BF41227}.Debug|Any CPU.Build.0 = Debug|Any CPU
		{6BACE508-CCA9-4361-AA71-D9080BF41227}.Release|Any CPU.ActiveCfg = Release|Any CPU
		{6BACE508-CCA9-4361-AA71-D9080BF41227}.Release|Any CPU.Build.0 = Release|Any CPU
	EndGlobalSection
	GlobalSection(SolutionProperties) = preSolution
		HideSolutionNode = FALSE
	EndGlobalSection
EndGlobal
