
Microsoft Visual Studio Solution File, Format Version 12.00
# Visual Studio 14
VisualStudioVersion = 14.0.25420.1
MinimumVisualStudioVersion = 10.0.40219.1
Project("{FAE04EC0-301F-11D3-BF4B-00C04F79EFBC}") = "01. Largest Common End", "01. Largest Common End\01. Largest Common End.csproj", "{27D44780-08C0-4F59-9F8F-11F922016835}"
EndProject
Project("{FAE04EC0-301F-11D3-BF4B-00C04F79EFBC}") = "02. Rotate and Sum", "02. Rotate and Sum\02. Rotate and Sum.csproj", "{6119CF57-4D40-4536-81A4-14D6595424D7}"
EndProject
Project("{FAE04EC0-301F-11D3-BF4B-00C04F79EFBC}") = "03. Fold and Sum", "03. Fold and Sum\03. Fold and Sum.csproj", "{236D6ED3-86A8-4F87-81DB-5EF9E0C8D470}"
EndProject
Project("{FAE04EC0-301F-11D3-BF4B-00C04F79EFBC}") = "04. Sieve of Eratosthenes", "04. Sieve of Eratosthenes\04. Sieve of Eratosthenes.csproj", "{E884C5E8-BE8B-4683-B736-7A1F2BBF13AA}"
EndProject
Project("{FAE04EC0-301F-11D3-BF4B-00C04F79EFBC}") = "05. Compare Char Arrays", "05. Compare Char Arrays\05. Compare Char Arrays.csproj", "{17D9D644-EB83-4777-B8DD-FF25F513C35D}"
EndProject
Project("{FAE04EC0-301F-11D3-BF4B-00C04F79EFBC}") = "06. Max Sequence of Equal Elements", "06. Max Sequence of Equal Elements\06. Max Sequence of Equal Elements.csproj", "{2B12E538-2427-488B-B966-85A420052299}"
EndProject
Project("{FAE04EC0-301F-11D3-BF4B-00C04F79EFBC}") = "07. MaxSequenceOfIncreasingElements", "07. MaxSequenceOfIncreasingElements\07. MaxSequenceOfIncreasingElements.csproj", "{0A52F559-91DE-48BD-8317-BDF3CBD294F8}"
EndProject
Project("{FAE04EC0-301F-11D3-BF4B-00C04F79EFBC}") = "08. Most Frequent Number", "08. Most Frequent Number\08. Most Frequent Number.csproj", "{85B54138-FFAC-4777-9073-5613F76122DA}"
EndProject
Project("{FAE04EC0-301F-11D3-BF4B-00C04F79EFBC}") = "09. Index of Letters", "09. Index of Letters\09. Index of Letters.csproj", "{5AD5BCFC-5E30-41B3-9C00-0A0AE2E4A2F9}"
EndProject
Project("{FAE04EC0-301F-11D3-BF4B-00C04F79EFBC}") = "10. Pairs by Difference", "10. Pairs by Difference\10. Pairs by Difference.csproj", "{7EC3A93E-7CD4-49AD-AAD9-8DCB7F211C5A}"
EndProject
Project("{FAE04EC0-301F-11D3-BF4B-00C04F79EFBC}") = "11. Equal Sums", "11. Equal Sums\11. Equal Sums.csproj", "{E295B4BE-C9D4-4E83-9741-DF50440F2527}"
EndProject
Global
	GlobalSection(SolutionConfigurationPlatforms) = preSolution
		Debug|Any CPU = Debug|Any CPU
		Release|Any CPU = Release|Any CPU
	EndGlobalSection
	GlobalSection(ProjectConfigurationPlatforms) = postSolution
		{27D44780-08C0-4F59-9F8F-11F922016835}.Debug|Any CPU.ActiveCfg = Debug|Any CPU
		{27D44780-08C0-4F59-9F8F-11F922016835}.Debug|Any CPU.Build.0 = Debug|Any CPU
		{27D44780-08C0-4F59-9F8F-11F922016835}.Release|Any CPU.ActiveCfg = Release|Any CPU
		{27D44780-08C0-4F59-9F8F-11F922016835}.Release|Any CPU.Build.0 = Release|Any CPU
		{6119CF57-4D40-4536-81A4-14D6595424D7}.Debug|Any CPU.ActiveCfg = Debug|Any CPU
		{6119CF57-4D40-4536-81A4-14D6595424D7}.Debug|Any CPU.Build.0 = Debug|Any CPU
		{6119CF57-4D40-4536-81A4-14D6595424D7}.Release|Any CPU.ActiveCfg = Release|Any CPU
		{6119CF57-4D40-4536-81A4-14D6595424D7}.Release|Any CPU.Build.0 = Release|Any CPU
		{236D6ED3-86A8-4F87-81DB-5EF9E0C8D470}.Debug|Any CPU.ActiveCfg = Debug|Any CPU
		{236D6ED3-86A8-4F87-81DB-5EF9E0C8D470}.Debug|Any CPU.Build.0 = Debug|Any CPU
		{236D6ED3-86A8-4F87-81DB-5EF9E0C8D470}.Release|Any CPU.ActiveCfg = Release|Any CPU
		{236D6ED3-86A8-4F87-81DB-5EF9E0C8D470}.Release|Any CPU.Build.0 = Release|Any CPU
		{E884C5E8-BE8B-4683-B736-7A1F2BBF13AA}.Debug|Any CPU.ActiveCfg = Debug|Any CPU
		{E884C5E8-BE8B-4683-B736-7A1F2BBF13AA}.Debug|Any CPU.Build.0 = Debug|Any CPU
		{E884C5E8-BE8B-4683-B736-7A1F2BBF13AA}.Release|Any CPU.ActiveCfg = Release|Any CPU
		{E884C5E8-BE8B-4683-B736-7A1F2BBF13AA}.Release|Any CPU.Build.0 = Release|Any CPU
		{17D9D644-EB83-4777-B8DD-FF25F513C35D}.Debug|Any CPU.ActiveCfg = Debug|Any CPU
		{17D9D644-EB83-4777-B8DD-FF25F513C35D}.Debug|Any CPU.Build.0 = Debug|Any CPU
		{17D9D644-EB83-4777-B8DD-FF25F513C35D}.Release|Any CPU.ActiveCfg = Release|Any CPU
		{17D9D644-EB83-4777-B8DD-FF25F513C35D}.Release|Any CPU.Build.0 = Release|Any CPU
		{2B12E538-2427-488B-B966-85A420052299}.Debug|Any CPU.ActiveCfg = Debug|Any CPU
		{2B12E538-2427-488B-B966-85A420052299}.Debug|Any CPU.Build.0 = Debug|Any CPU
		{2B12E538-2427-488B-B966-85A420052299}.Release|Any CPU.ActiveCfg = Release|Any CPU
		{2B12E538-2427-488B-B966-85A420052299}.Release|Any CPU.Build.0 = Release|Any CPU
		{0A52F559-91DE-48BD-8317-BDF3CBD294F8}.Debug|Any CPU.ActiveCfg = Debug|Any CPU
		{0A52F559-91DE-48BD-8317-BDF3CBD294F8}.Debug|Any CPU.Build.0 = Debug|Any CPU
		{0A52F559-91DE-48BD-8317-BDF3CBD294F8}.Release|Any CPU.ActiveCfg = Release|Any CPU
		{0A52F559-91DE-48BD-8317-BDF3CBD294F8}.Release|Any CPU.Build.0 = Release|Any CPU
		{85B54138-FFAC-4777-9073-5613F76122DA}.Debug|Any CPU.ActiveCfg = Debug|Any CPU
		{85B54138-FFAC-4777-9073-5613F76122DA}.Debug|Any CPU.Build.0 = Debug|Any CPU
		{85B54138-FFAC-4777-9073-5613F76122DA}.Release|Any CPU.ActiveCfg = Release|Any CPU
		{85B54138-FFAC-4777-9073-5613F76122DA}.Release|Any CPU.Build.0 = Release|Any CPU
		{5AD5BCFC-5E30-41B3-9C00-0A0AE2E4A2F9}.Debug|Any CPU.ActiveCfg = Debug|Any CPU
		{5AD5BCFC-5E30-41B3-9C00-0A0AE2E4A2F9}.Debug|Any CPU.Build.0 = Debug|Any CPU
		{5AD5BCFC-5E30-41B3-9C00-0A0AE2E4A2F9}.Release|Any CPU.ActiveCfg = Release|Any CPU
		{5AD5BCFC-5E30-41B3-9C00-0A0AE2E4A2F9}.Release|Any CPU.Build.0 = Release|Any CPU
		{7EC3A93E-7CD4-49AD-AAD9-8DCB7F211C5A}.Debug|Any CPU.ActiveCfg = Debug|Any CPU
		{7EC3A93E-7CD4-49AD-AAD9-8DCB7F211C5A}.Debug|Any CPU.Build.0 = Debug|Any CPU
		{7EC3A93E-7CD4-49AD-AAD9-8DCB7F211C5A}.Release|Any CPU.ActiveCfg = Release|Any CPU
		{7EC3A93E-7CD4-49AD-AAD9-8DCB7F211C5A}.Release|Any CPU.Build.0 = Release|Any CPU
		{E295B4BE-C9D4-4E83-9741-DF50440F2527}.Debug|Any CPU.ActiveCfg = Debug|Any CPU
		{E295B4BE-C9D4-4E83-9741-DF50440F2527}.Debug|Any CPU.Build.0 = Debug|Any CPU
		{E295B4BE-C9D4-4E83-9741-DF50440F2527}.Release|Any CPU.ActiveCfg = Release|Any CPU
		{E295B4BE-C9D4-4E83-9741-DF50440F2527}.Release|Any CPU.Build.0 = Release|Any CPU
	EndGlobalSection
	GlobalSection(SolutionProperties) = preSolution
		HideSolutionNode = FALSE
	EndGlobalSection
EndGlobal
