
Microsoft Visual Studio Solution File, Format Version 12.00
# Visual Studio 14
VisualStudioVersion = 14.0.25420.1
MinimumVisualStudioVersion = 10.0.40219.1
Project("{FAE04EC0-301F-11D3-BF4B-00C04F79EFBC}") = "1. Blank Receipt", "1. Blank Receipt\1. Blank Receipt.csproj", "{F18A3C87-AE8F-45D7-9C6E-6D4F12F98F46}"
EndProject
Project("{FAE04EC0-301F-11D3-BF4B-00C04F79EFBC}") = "2. Sign of IntegerNumber", "02. Sign of IntegerNumber\2. Sign of IntegerNumber.csproj", "{937E9EB9-CC9E-4DF3-A35E-5D80B4E24A83}"
EndProject
Project("{FAE04EC0-301F-11D3-BF4B-00C04F79EFBC}") = "3. Printing Triangle", "3. Printing Triangle\3. Printing Triangle.csproj", "{56A46DAA-6949-4AB0-ACE2-97FD7D5F7097}"
EndProject
Project("{FAE04EC0-301F-11D3-BF4B-00C04F79EFBC}") = "4. Draw a Filled Square", "4. Draw a Filled Square\4. Draw a Filled Square.csproj", "{46A0B80C-E310-4265-B0E0-1E7F9AD3E2BC}"
EndProject
Project("{FAE04EC0-301F-11D3-BF4B-00C04F79EFBC}") = "5. Calculate Triangle Area", "5. Calculate Triangle Area\5. Calculate Triangle Area.csproj", "{A3B696A4-C084-490B-A377-E01BB441E749}"
EndProject
Project("{FAE04EC0-301F-11D3-BF4B-00C04F79EFBC}") = "6. Math Power", "6. Math Power\6. Math Power.csproj", "{4FA913FA-3CD7-4BBF-B34E-F017C2D13F77}"
EndProject
Project("{FAE04EC0-301F-11D3-BF4B-00C04F79EFBC}") = "7. Greater of Two Values", "7. Greater of Two Values\7. Greater of Two Values.csproj", "{E8EBCCAC-ED44-45CA-96A4-120AD651625F}"
EndProject
Global
	GlobalSection(SolutionConfigurationPlatforms) = preSolution
		Debug|Any CPU = Debug|Any CPU
		Release|Any CPU = Release|Any CPU
	EndGlobalSection
	GlobalSection(ProjectConfigurationPlatforms) = postSolution
		{F18A3C87-AE8F-45D7-9C6E-6D4F12F98F46}.Debug|Any CPU.ActiveCfg = Debug|Any CPU
		{F18A3C87-AE8F-45D7-9C6E-6D4F12F98F46}.Debug|Any CPU.Build.0 = Debug|Any CPU
		{F18A3C87-AE8F-45D7-9C6E-6D4F12F98F46}.Release|Any CPU.ActiveCfg = Release|Any CPU
		{F18A3C87-AE8F-45D7-9C6E-6D4F12F98F46}.Release|Any CPU.Build.0 = Release|Any CPU
		{937E9EB9-CC9E-4DF3-A35E-5D80B4E24A83}.Debug|Any CPU.ActiveCfg = Debug|Any CPU
		{937E9EB9-CC9E-4DF3-A35E-5D80B4E24A83}.Debug|Any CPU.Build.0 = Debug|Any CPU
		{937E9EB9-CC9E-4DF3-A35E-5D80B4E24A83}.Release|Any CPU.ActiveCfg = Release|Any CPU
		{937E9EB9-CC9E-4DF3-A35E-5D80B4E24A83}.Release|Any CPU.Build.0 = Release|Any CPU
		{56A46DAA-6949-4AB0-ACE2-97FD7D5F7097}.Debug|Any CPU.ActiveCfg = Debug|Any CPU
		{56A46DAA-6949-4AB0-ACE2-97FD7D5F7097}.Debug|Any CPU.Build.0 = Debug|Any CPU
		{56A46DAA-6949-4AB0-ACE2-97FD7D5F7097}.Release|Any CPU.ActiveCfg = Release|Any CPU
		{56A46DAA-6949-4AB0-ACE2-97FD7D5F7097}.Release|Any CPU.Build.0 = Release|Any CPU
		{46A0B80C-E310-4265-B0E0-1E7F9AD3E2BC}.Debug|Any CPU.ActiveCfg = Debug|Any CPU
		{46A0B80C-E310-4265-B0E0-1E7F9AD3E2BC}.Debug|Any CPU.Build.0 = Debug|Any CPU
		{46A0B80C-E310-4265-B0E0-1E7F9AD3E2BC}.Release|Any CPU.ActiveCfg = Release|Any CPU
		{46A0B80C-E310-4265-B0E0-1E7F9AD3E2BC}.Release|Any CPU.Build.0 = Release|Any CPU
		{A3B696A4-C084-490B-A377-E01BB441E749}.Debug|Any CPU.ActiveCfg = Debug|Any CPU
		{A3B696A4-C084-490B-A377-E01BB441E749}.Debug|Any CPU.Build.0 = Debug|Any CPU
		{A3B696A4-C084-490B-A377-E01BB441E749}.Release|Any CPU.ActiveCfg = Release|Any CPU
		{A3B696A4-C084-490B-A377-E01BB441E749}.Release|Any CPU.Build.0 = Release|Any CPU
		{4FA913FA-3CD7-4BBF-B34E-F017C2D13F77}.Debug|Any CPU.ActiveCfg = Debug|Any CPU
		{4FA913FA-3CD7-4BBF-B34E-F017C2D13F77}.Debug|Any CPU.Build.0 = Debug|Any CPU
		{4FA913FA-3CD7-4BBF-B34E-F017C2D13F77}.Release|Any CPU.ActiveCfg = Release|Any CPU
		{4FA913FA-3CD7-4BBF-B34E-F017C2D13F77}.Release|Any CPU.Build.0 = Release|Any CPU
		{E8EBCCAC-ED44-45CA-96A4-120AD651625F}.Debug|Any CPU.ActiveCfg = Debug|Any CPU
		{E8EBCCAC-ED44-45CA-96A4-120AD651625F}.Debug|Any CPU.Build.0 = Debug|Any CPU
		{E8EBCCAC-ED44-45CA-96A4-120AD651625F}.Release|Any CPU.ActiveCfg = Release|Any CPU
		{E8EBCCAC-ED44-45CA-96A4-120AD651625F}.Release|Any CPU.Build.0 = Release|Any CPU
	EndGlobalSection
	GlobalSection(SolutionProperties) = preSolution
		HideSolutionNode = FALSE
	EndGlobalSection
EndGlobal
